
Microsoft Visual Studio Solution File, Format Version 12.00
# Visual Studio Version 17
VisualStudioVersion = 17.10.35013.160
MinimumVisualStudioVersion = 10.0.40219.1
Project("{FAE04EC0-301F-11D3-BF4B-00C04F79EFBC}") = "BankManagementSystem", "BankManagementSystem.csproj", "{97B1DC6C-AA97-47C2-A19E-857E7D1A72DA}"
EndProject
Global
	GlobalSection(SolutionConfigurationPlatforms) = preSolution
		Debug|Any CPU = Debug|Any CPU
		Release|Any CPU = Release|Any CPU
	EndGlobalSection
	GlobalSection(ProjectConfigurationPlatforms) = postSolution
		{97B1DC6C-AA97-47C2-A19E-857E7D1A72DA}.Debug|Any CPU.ActiveCfg = Debug|Any CPU
		{97B1DC6C-AA97-47C2-A19E-857E7D1A72DA}.Debug|Any CPU.Build.0 = Debug|Any CPU
		{97B1DC6C-AA97-47C2-A19E-857E7D1A72DA}.Release|Any CPU.ActiveCfg = Release|Any CPU
		{97B1DC6C-AA97-47C2-A19E-857E7D1A72DA}.Release|Any CPU.Build.0 = Release|Any CPU
	EndGlobalSection
	GlobalSection(SolutionProperties) = preSolution
		HideSolutionNode = FALSE
	EndGlobalSection
	GlobalSection(ExtensibilityGlobals) = postSolution
		SolutionGuid = {F3A9558E-FD98-40F0-AA84-59A54D8A0FED}
	EndGlobalSection
EndGlobal
